// !$*UTF8*$!
{
	archiveVersion = 1;
	classes = {
	};
	objectVersion = 56;
	objects = {

/* Begin PBXBuildFile section */
		4912ACF229E19D22004AD339 /* Prediction.swift in Sources */ = {isa = PBXBuildFile; fileRef = 4912ACF129E19D22004AD339 /* Prediction.swift */; };
		4912ACF529E1A296004AD339 /* PredictionLayerView.swift in Sources */ = {isa = PBXBuildFile; fileRef = 4912ACF429E1A296004AD339 /* PredictionLayerView.swift */; };
		4924F35D29D997B0004631AB /* AppDelegate.swift in Sources */ = {isa = PBXBuildFile; fileRef = 4924F35C29D997B0004631AB /* AppDelegate.swift */; };
		4924F35F29D997B0004631AB /* SceneDelegate.swift in Sources */ = {isa = PBXBuildFile; fileRef = 4924F35E29D997B0004631AB /* SceneDelegate.swift */; };
		4924F36129D997B0004631AB /* ViewController.swift in Sources */ = {isa = PBXBuildFile; fileRef = 4924F36029D997B0004631AB /* ViewController.swift */; };
		4924F36429D997B0004631AB /* Main.storyboard in Resources */ = {isa = PBXBuildFile; fileRef = 4924F36229D997B0004631AB /* Main.storyboard */; };
		4924F36629D997B0004631AB /* Assets.xcassets in Resources */ = {isa = PBXBuildFile; fileRef = 4924F36529D997B0004631AB /* Assets.xcassets */; };
		4924F36929D997B0004631AB /* LaunchScreen.storyboard in Resources */ = {isa = PBXBuildFile; fileRef = 4924F36729D997B0004631AB /* LaunchScreen.storyboard */; };
		4924F37129D99E8E004631AB /* CameraHandler.swift in Sources */ = {isa = PBXBuildFile; fileRef = 4924F37029D99E8E004631AB /* CameraHandler.swift */; };
		4924F37529D9B035004631AB /* CameraViewController.swift in Sources */ = {isa = PBXBuildFile; fileRef = 4924F37429D9B035004631AB /* CameraViewController.swift */; };
		4924F37A29D9B1CC004631AB /* OverviewViewController.swift in Sources */ = {isa = PBXBuildFile; fileRef = 4924F37929D9B1CC004631AB /* OverviewViewController.swift */; };
		4924F38129D9F1D3004631AB /* BottomSheetViewController.swift in Sources */ = {isa = PBXBuildFile; fileRef = 4924F38029D9F1D3004631AB /* BottomSheetViewController.swift */; };
		49EF57B929DB71C1003A039C /* Config.swift in Sources */ = {isa = PBXBuildFile; fileRef = 49EF57B829DB71C1003A039C /* Config.swift */; };
		49EF57BB29DB87FF003A039C /* PredictionHandler.swift in Sources */ = {isa = PBXBuildFile; fileRef = 49EF57BA29DB87FF003A039C /* PredictionHandler.swift */; };
		49EF57BD29DB8877003A039C /* holesDetection.mlmodel in Sources */ = {isa = PBXBuildFile; fileRef = 49EF57BC29DB8877003A039C /* holesDetection.mlmodel */; };
/* End PBXBuildFile section */

/* Begin PBXFileReference section */
		4912ACF129E19D22004AD339 /* Prediction.swift */ = {isa = PBXFileReference; lastKnownFileType = sourcecode.swift; path = Prediction.swift; sourceTree = "<group>"; };
		4912ACF429E1A296004AD339 /* PredictionLayerView.swift */ = {isa = PBXFileReference; lastKnownFileType = sourcecode.swift; path = PredictionLayerView.swift; sourceTree = "<group>"; };
		4924F35929D997B0004631AB /* RDD-Mobile.app */ = {isa = PBXFileReference; explicitFileType = wrapper.application; includeInIndex = 0; path = "RDD-Mobile.app"; sourceTree = BUILT_PRODUCTS_DIR; };
		4924F35C29D997B0004631AB /* AppDelegate.swift */ = {isa = PBXFileReference; lastKnownFileType = sourcecode.swift; path = AppDelegate.swift; sourceTree = "<group>"; };
		4924F35E29D997B0004631AB /* SceneDelegate.swift */ = {isa = PBXFileReference; lastKnownFileType = sourcecode.swift; path = SceneDelegate.swift; sourceTree = "<group>"; };
		4924F36029D997B0004631AB /* ViewController.swift */ = {isa = PBXFileReference; lastKnownFileType = sourcecode.swift; path = ViewController.swift; sourceTree = "<group>"; };
		4924F36329D997B0004631AB /* Base */ = {isa = PBXFileReference; lastKnownFileType = file.storyboard; name = Base; path = Base.lproj/Main.storyboard; sourceTree = "<group>"; };
		4924F36529D997B0004631AB /* Assets.xcassets */ = {isa = PBXFileReference; lastKnownFileType = folder.assetcatalog; path = Assets.xcassets; sourceTree = "<group>"; };
		4924F36829D997B0004631AB /* Base */ = {isa = PBXFileReference; lastKnownFileType = file.storyboard; name = Base; path = Base.lproj/LaunchScreen.storyboard; sourceTree = "<group>"; };
		4924F36A29D997B0004631AB /* Info.plist */ = {isa = PBXFileReference; lastKnownFileType = text.plist.xml; path = Info.plist; sourceTree = "<group>"; };
		4924F37029D99E8E004631AB /* CameraHandler.swift */ = {isa = PBXFileReference; lastKnownFileType = sourcecode.swift; path = CameraHandler.swift; sourceTree = "<group>"; };
		4924F37429D9B035004631AB /* CameraViewController.swift */ = {isa = PBXFileReference; lastKnownFileType = sourcecode.swift; path = CameraViewController.swift; sourceTree = "<group>"; };
		4924F37929D9B1CC004631AB /* OverviewViewController.swift */ = {isa = PBXFileReference; lastKnownFileType = sourcecode.swift; path = OverviewViewController.swift; sourceTree = "<group>"; };
		4924F38029D9F1D3004631AB /* BottomSheetViewController.swift */ = {isa = PBXFileReference; lastKnownFileType = sourcecode.swift; path = BottomSheetViewController.swift; sourceTree = "<group>"; };
		49EF57B829DB71C1003A039C /* Config.swift */ = {isa = PBXFileReference; lastKnownFileType = sourcecode.swift; path = Config.swift; sourceTree = "<group>"; };
		49EF57BA29DB87FF003A039C /* PredictionHandler.swift */ = {isa = PBXFileReference; lastKnownFileType = sourcecode.swift; path = PredictionHandler.swift; sourceTree = "<group>"; };
		49EF57BC29DB8877003A039C /* holesDetection.mlmodel */ = {isa = PBXFileReference; lastKnownFileType = file.mlmodel; path = holesDetection.mlmodel; sourceTree = "<group>"; };
/* End PBXFileReference section */

/* Begin PBXFrameworksBuildPhase section */
		4924F35629D997B0004631AB /* Frameworks */ = {
			isa = PBXFrameworksBuildPhase;
			buildActionMask = 2147483647;
			files = (
			);
			runOnlyForDeploymentPostprocessing = 0;
		};
/* End PBXFrameworksBuildPhase section */

/* Begin PBXGroup section */
		4912ACF329E1A27E004AD339 /* Views */ = {
			isa = PBXGroup;
			children = (
				4912ACF429E1A296004AD339 /* PredictionLayerView.swift */,
			);
			path = Views;
			sourceTree = "<group>";
		};
		4912ACF629E1AAF6004AD339 /* Handlers */ = {
			isa = PBXGroup;
			children = (
				4924F37029D99E8E004631AB /* CameraHandler.swift */,
				49EF57BA29DB87FF003A039C /* PredictionHandler.swift */,
			);
			path = Handlers;
			sourceTree = "<group>";
		};
		4924F35029D997B0004631AB = {
			isa = PBXGroup;
			children = (
				4924F35B29D997B0004631AB /* RDD-Mobile */,
				4924F35A29D997B0004631AB /* Products */,
			);
			sourceTree = "<group>";
		};
		4924F35A29D997B0004631AB /* Products */ = {
			isa = PBXGroup;
			children = (
				4924F35929D997B0004631AB /* RDD-Mobile.app */,
			);
			name = Products;
			sourceTree = "<group>";
		};
		4924F35B29D997B0004631AB /* RDD-Mobile */ = {
			isa = PBXGroup;
			children = (
				4912ACF329E1A27E004AD339 /* Views */,
				4924F37829D9B0B0004631AB /* Controllers */,
				4924F37729D9B089004631AB /* Utils */,
				4924F37629D9B05A004631AB /* Storyboards */,
				4924F35C29D997B0004631AB /* AppDelegate.swift */,
				4924F35E29D997B0004631AB /* SceneDelegate.swift */,
				4924F36529D997B0004631AB /* Assets.xcassets */,
				4924F36A29D997B0004631AB /* Info.plist */,
			);
			path = "RDD-Mobile";
			sourceTree = "<group>";
		};
		4924F37629D9B05A004631AB /* Storyboards */ = {
			isa = PBXGroup;
			children = (
				4924F36229D997B0004631AB /* Main.storyboard */,
				4924F36729D997B0004631AB /* LaunchScreen.storyboard */,
			);
			path = Storyboards;
			sourceTree = "<group>";
		};
		4924F37729D9B089004631AB /* Utils */ = {
			isa = PBXGroup;
			children = (
				49EF57BE29DB887D003A039C /* Model */,
				4912ACF629E1AAF6004AD339 /* Handlers */,
				49EF57B829DB71C1003A039C /* Config.swift */,
				4912ACF129E19D22004AD339 /* Prediction.swift */,
			);
			path = Utils;
			sourceTree = "<group>";
		};
		4924F37829D9B0B0004631AB /* Controllers */ = {
			isa = PBXGroup;
			children = (
				4924F37929D9B1CC004631AB /* OverviewViewController.swift */,
				4924F36029D997B0004631AB /* ViewController.swift */,
				4924F37429D9B035004631AB /* CameraViewController.swift */,
				4924F38029D9F1D3004631AB /* BottomSheetViewController.swift */,
			);
			path = Controllers;
			sourceTree = "<group>";
		};
		49EF57BE29DB887D003A039C /* Model */ = {
			isa = PBXGroup;
			children = (
				49EF57BC29DB8877003A039C /* holesDetection.mlmodel */,
			);
			path = Model;
			sourceTree = "<group>";
		};
/* End PBXGroup section */

/* Begin PBXNativeTarget section */
		4924F35829D997B0004631AB /* RDD-Mobile */ = {
			isa = PBXNativeTarget;
			buildConfigurationList = 4924F36D29D997B0004631AB /* Build configuration list for PBXNativeTarget "RDD-Mobile" */;
			buildPhases = (
				4924F35529D997B0004631AB /* Sources */,
				4924F35629D997B0004631AB /* Frameworks */,
				4924F35729D997B0004631AB /* Resources */,
			);
			buildRules = (
			);
			dependencies = (
			);
			name = "RDD-Mobile";
			productName = "RDD-Mobile";
			productReference = 4924F35929D997B0004631AB /* RDD-Mobile.app */;
			productType = "com.apple.product-type.application";
		};
/* End PBXNativeTarget section */

/* Begin PBXProject section */
		4924F35129D997B0004631AB /* Project object */ = {
			isa = PBXProject;
			attributes = {
				BuildIndependentTargetsInParallel = 1;
				LastSwiftUpdateCheck = 1420;
				LastUpgradeCheck = 1420;
				TargetAttributes = {
					4924F35829D997B0004631AB = {
						CreatedOnToolsVersion = 14.2;
					};
				};
			};
			buildConfigurationList = 4924F35429D997B0004631AB /* Build configuration list for PBXProject "RDD-Mobile" */;
			compatibilityVersion = "Xcode 14.0";
			developmentRegion = en;
			hasScannedForEncodings = 0;
			knownRegions = (
				en,
				Base,
			);
			mainGroup = 4924F35029D997B0004631AB;
			productRefGroup = 4924F35A29D997B0004631AB /* Products */;
			projectDirPath = "";
			projectRoot = "";
			targets = (
				4924F35829D997B0004631AB /* RDD-Mobile */,
			);
		};
/* End PBXProject section */

/* Begin PBXResourcesBuildPhase section */
		4924F35729D997B0004631AB /* Resources */ = {
			isa = PBXResourcesBuildPhase;
			buildActionMask = 2147483647;
			files = (
				4924F36929D997B0004631AB /* LaunchScreen.storyboard in Resources */,
				4924F36629D997B0004631AB /* Assets.xcassets in Resources */,
				4924F36429D997B0004631AB /* Main.storyboard in Resources */,
			);
			runOnlyForDeploymentPostprocessing = 0;
		};
/* End PBXResourcesBuildPhase section */

/* Begin PBXSourcesBuildPhase section */
		4924F35529D997B0004631AB /* Sources */ = {
			isa = PBXSourcesBuildPhase;
			buildActionMask = 2147483647;
			files = (
				4924F38129D9F1D3004631AB /* BottomSheetViewController.swift in Sources */,
				4924F36129D997B0004631AB /* ViewController.swift in Sources */,
				4924F37529D9B035004631AB /* CameraViewController.swift in Sources */,
				4912ACF229E19D22004AD339 /* Prediction.swift in Sources */,
				4924F37129D99E8E004631AB /* CameraHandler.swift in Sources */,
				4924F35D29D997B0004631AB /* AppDelegate.swift in Sources */,
				49EF57BB29DB87FF003A039C /* PredictionHandler.swift in Sources */,
				4924F35F29D997B0004631AB /* SceneDelegate.swift in Sources */,
				49EF57BD29DB8877003A039C /* holesDetection.mlmodel in Sources */,
				4912ACF529E1A296004AD339 /* PredictionLayerView.swift in Sources */,
				4924F37A29D9B1CC004631AB /* OverviewViewController.swift in Sources */,
				49EF57B929DB71C1003A039C /* Config.swift in Sources */,
			);
			runOnlyForDeploymentPostprocessing = 0;
		};
/* End PBXSourcesBuildPhase section */

/* Begin PBXVariantGroup section */
		4924F36229D997B0004631AB /* Main.storyboard */ = {
			isa = PBXVariantGroup;
			children = (
				4924F36329D997B0004631AB /* Base */,
			);
			name = Main.storyboard;
			sourceTree = "<group>";
		};
		4924F36729D997B0004631AB /* LaunchScreen.storyboard */ = {
			isa = PBXVariantGroup;
			children = (
				4924F36829D997B0004631AB /* Base */,
			);
			name = LaunchScreen.storyboard;
			sourceTree = "<group>";
		};
/* End PBXVariantGroup section */

/* Begin XCBuildConfiguration section */
		4924F36B29D997B0004631AB /* Debug */ = {
			isa = XCBuildConfiguration;
			buildSettings = {
				ALWAYS_SEARCH_USER_PATHS = NO;
				CLANG_ANALYZER_NONNULL = YES;
				CLANG_ANALYZER_NUMBER_OBJECT_CONVERSION = YES_AGGRESSIVE;
				CLANG_CXX_LANGUAGE_STANDARD = "gnu++20";
				CLANG_ENABLE_MODULES = YES;
				CLANG_ENABLE_OBJC_ARC = YES;
				CLANG_ENABLE_OBJC_WEAK = YES;
				CLANG_WARN_BLOCK_CAPTURE_AUTORELEASING = YES;
				CLANG_WARN_BOOL_CONVERSION = YES;
				CLANG_WARN_COMMA = YES;
				CLANG_WARN_CONSTANT_CONVERSION = YES;
				CLANG_WARN_DEPRECATED_OBJC_IMPLEMENTATIONS = YES;
				CLANG_WARN_DIRECT_OBJC_ISA_USAGE = YES_ERROR;
				CLANG_WARN_DOCUMENTATION_COMMENTS = YES;
				CLANG_WARN_EMPTY_BODY = YES;
				CLANG_WARN_ENUM_CONVERSION = YES;
				CLANG_WARN_INFINITE_RECURSION = YES;
				CLANG_WARN_INT_CONVERSION = YES;
				CLANG_WARN_NON_LITERAL_NULL_CONVERSION = YES;
				CLANG_WARN_OBJC_IMPLICIT_RETAIN_SELF = YES;
				CLANG_WARN_OBJC_LITERAL_CONVERSION = YES;
				CLANG_WARN_OBJC_ROOT_CLASS = YES_ERROR;
				CLANG_WARN_QUOTED_INCLUDE_IN_FRAMEWORK_HEADER = YES;
				CLANG_WARN_RANGE_LOOP_ANALYSIS = YES;
				CLANG_WARN_STRICT_PROTOTYPES = YES;
				CLANG_WARN_SUSPICIOUS_MOVE = YES;
				CLANG_WARN_UNGUARDED_AVAILABILITY = YES_AGGRESSIVE;
				CLANG_WARN_UNREACHABLE_CODE = YES;
				CLANG_WARN__DUPLICATE_METHOD_MATCH = YES;
				COPY_PHASE_STRIP = NO;
				DEBUG_INFORMATION_FORMAT = dwarf;
				ENABLE_STRICT_OBJC_MSGSEND = YES;
				ENABLE_TESTABILITY = YES;
				GCC_C_LANGUAGE_STANDARD = gnu11;
				GCC_DYNAMIC_NO_PIC = NO;
				GCC_NO_COMMON_BLOCKS = YES;
				GCC_OPTIMIZATION_LEVEL = 0;
				GCC_PREPROCESSOR_DEFINITIONS = (
					"DEBUG=1",
					"$(inherited)",
				);
				GCC_WARN_64_TO_32_BIT_CONVERSION = YES;
				GCC_WARN_ABOUT_RETURN_TYPE = YES_ERROR;
				GCC_WARN_UNDECLARED_SELECTOR = YES;
				GCC_WARN_UNINITIALIZED_AUTOS = YES_AGGRESSIVE;
				GCC_WARN_UNUSED_FUNCTION = YES;
				GCC_WARN_UNUSED_VARIABLE = YES;
				IPHONEOS_DEPLOYMENT_TARGET = 16.2;
				MTL_ENABLE_DEBUG_INFO = INCLUDE_SOURCE;
				MTL_FAST_MATH = YES;
				ONLY_ACTIVE_ARCH = YES;
				SDKROOT = iphoneos;
				SWIFT_ACTIVE_COMPILATION_CONDITIONS = DEBUG;
				SWIFT_OPTIMIZATION_LEVEL = "-Onone";
			};
			name = Debug;
		};
		4924F36C29D997B0004631AB /* Release */ = {
			isa = XCBuildConfiguration;
			buildSettings = {
				ALWAYS_SEARCH_USER_PATHS = NO;
				CLANG_ANALYZER_NONNULL = YES;
				CLANG_ANALYZER_NUMBER_OBJECT_CONVERSION = YES_AGGRESSIVE;
				CLANG_CXX_LANGUAGE_STANDARD = "gnu++20";
				CLANG_ENABLE_MODULES = YES;
				CLANG_ENABLE_OBJC_ARC = YES;
				CLANG_ENABLE_OBJC_WEAK = YES;
				CLANG_WARN_BLOCK_CAPTURE_AUTORELEASING = YES;
				CLANG_WARN_BOOL_CONVERSION = YES;
				CLANG_WARN_COMMA = YES;
				CLANG_WARN_CONSTANT_CONVERSION = YES;
				CLANG_WARN_DEPRECATED_OBJC_IMPLEMENTATIONS = YES;
				CLANG_WARN_DIRECT_OBJC_ISA_USAGE = YES_ERROR;
				CLANG_WARN_DOCUMENTATION_COMMENTS = YES;
				CLANG_WARN_EMPTY_BODY = YES;
				CLANG_WARN_ENUM_CONVERSION = YES;
				CLANG_WARN_INFINITE_RECURSION = YES;
				CLANG_WARN_INT_CONVERSION = YES;
				CLANG_WARN_NON_LITERAL_NULL_CONVERSION = YES;
				CLANG_WARN_OBJC_IMPLICIT_RETAIN_SELF = YES;
				CLANG_WARN_OBJC_LITERAL_CONVERSION = YES;
				CLANG_WARN_OBJC_ROOT_CLASS = YES_ERROR;
				CLANG_WARN_QUOTED_INCLUDE_IN_FRAMEWORK_HEADER = YES;
				CLANG_WARN_RANGE_LOOP_ANALYSIS = YES;
				CLANG_WARN_STRICT_PROTOTYPES = YES;
				CLANG_WARN_SUSPICIOUS_MOVE = YES;
				CLANG_WARN_UNGUARDED_AVAILABILITY = YES_AGGRESSIVE;
				CLANG_WARN_UNREACHABLE_CODE = YES;
				CLANG_WARN__DUPLICATE_METHOD_MATCH = YES;
				COPY_PHASE_STRIP = NO;
				DEBUG_INFORMATION_FORMAT = "dwarf-with-dsym";
				ENABLE_NS_ASSERTIONS = NO;
				ENABLE_STRICT_OBJC_MSGSEND = YES;
				GCC_C_LANGUAGE_STANDARD = gnu11;
				GCC_NO_COMMON_BLOCKS = YES;
				GCC_WARN_64_TO_32_BIT_CONVERSION = YES;
				GCC_WARN_ABOUT_RETURN_TYPE = YES_ERROR;
				GCC_WARN_UNDECLARED_SELECTOR = YES;
				GCC_WARN_UNINITIALIZED_AUTOS = YES_AGGRESSIVE;
				GCC_WARN_UNUSED_FUNCTION = YES;
				GCC_WARN_UNUSED_VARIABLE = YES;
				IPHONEOS_DEPLOYMENT_TARGET = 16.2;
				MTL_ENABLE_DEBUG_INFO = NO;
				MTL_FAST_MATH = YES;
				SDKROOT = iphoneos;
				SWIFT_COMPILATION_MODE = wholemodule;
				SWIFT_OPTIMIZATION_LEVEL = "-O";
				VALIDATE_PRODUCT = YES;
			};
			name = Release;
		};
		4924F36E29D997B0004631AB /* Debug */ = {
			isa = XCBuildConfiguration;
			buildSettings = {
				ASSETCATALOG_COMPILER_APPICON_NAME = AppIcon;
				ASSETCATALOG_COMPILER_GLOBAL_ACCENT_COLOR_NAME = AccentColor;
				CODE_SIGN_STYLE = Automatic;
				CURRENT_PROJECT_VERSION = 1;
				DEVELOPMENT_TEAM = C36G9F622G;
				GENERATE_INFOPLIST_FILE = YES;
				INFOPLIST_FILE = "RDD-Mobile/Info.plist";
				INFOPLIST_KEY_NSCameraUsageDescription = "do a prediction";
				INFOPLIST_KEY_NSLocationAlwaysAndWhenInUseUsageDescription = Description;
				INFOPLIST_KEY_NSLocationAlwaysUsageDescription = Description;
				INFOPLIST_KEY_NSLocationWhenInUseUsageDescription = Description;
				INFOPLIST_KEY_UIApplicationSupportsIndirectInputEvents = YES;
				INFOPLIST_KEY_UILaunchStoryboardName = LaunchScreen;
				INFOPLIST_KEY_UIMainStoryboardFile = Main;
				INFOPLIST_KEY_UISupportedInterfaceOrientations = UIInterfaceOrientationPortrait;
				INFOPLIST_KEY_UISupportedInterfaceOrientations_iPad = "UIInterfaceOrientationLandscapeLeft UIInterfaceOrientationLandscapeRight UIInterfaceOrientationPortrait UIInterfaceOrientationPortraitUpsideDown";
				LD_RUNPATH_SEARCH_PATHS = (
					"$(inherited)",
					"@executable_path/Frameworks",
				);
				MARKETING_VERSION = 1.0;
				PRODUCT_BUNDLE_IDENTIFIER = "rdd-mobile.RDD-Mobile";
				PRODUCT_NAME = "$(TARGET_NAME)";
				SWIFT_EMIT_LOC_STRINGS = YES;
				SWIFT_VERSION = 5.0;
				TARGETED_DEVICE_FAMILY = "1,2";
			};
			name = Debug;
		};
		4924F36F29D997B0004631AB /* Release */ = {
			isa = XCBuildConfiguration;
			buildSettings = {
				ASSETCATALOG_COMPILER_APPICON_NAME = AppIcon;
				ASSETCATALOG_COMPILER_GLOBAL_ACCENT_COLOR_NAME = AccentColor;
				CODE_SIGN_STYLE = Automatic;
				CURRENT_PROJECT_VERSION = 1;
				DEVELOPMENT_TEAM = C36G9F622G;
				GENERATE_INFOPLIST_FILE = YES;
				INFOPLIST_FILE = "RDD-Mobile/Info.plist";
				INFOPLIST_KEY_NSCameraUsageDescription = "do a prediction";
				INFOPLIST_KEY_NSLocationAlwaysAndWhenInUseUsageDescription = Description;
				INFOPLIST_KEY_NSLocationAlwaysUsageDescription = Description;
				INFOPLIST_KEY_NSLocationWhenInUseUsageDescription = Description;
				INFOPLIST_KEY_UIApplicationSupportsIndirectInputEvents = YES;
				INFOPLIST_KEY_UILaunchStoryboardName = LaunchScreen;
				INFOPLIST_KEY_UIMainStoryboardFile = Main;
				INFOPLIST_KEY_UISupportedInterfaceOrientations = UIInterfaceOrientationPortrait;
				INFOPLIST_KEY_UISupportedInterfaceOrientations_iPad = "UIInterfaceOrientationLandscapeLeft UIInterfaceOrientationLandscapeRight UIInterfaceOrientationPortrait UIInterfaceOrientationPortraitUpsideDown";
				LD_RUNPATH_SEARCH_PATHS = (
					"$(inherited)",
					"@executable_path/Frameworks",
				);
				MARKETING_VERSION = 1.0;
				PRODUCT_BUNDLE_IDENTIFIER = "rdd-mobile.RDD-Mobile";
				PRODUCT_NAME = "$(TARGET_NAME)";
				SWIFT_EMIT_LOC_STRINGS = YES;
				SWIFT_VERSION = 5.0;
				TARGETED_DEVICE_FAMILY = "1,2";
			};
			name = Release;
		};
/* End XCBuildConfiguration section */

/* Begin XCConfigurationList section */
		4924F35429D997B0004631AB /* Build configuration list for PBXProject "RDD-Mobile" */ = {
			isa = XCConfigurationList;
			buildConfigurations = (
				4924F36B29D997B0004631AB /* Debug */,
				4924F36C29D997B0004631AB /* Release */,
			);
			defaultConfigurationIsVisible = 0;
			defaultConfigurationName = Release;
		};
		4924F36D29D997B0004631AB /* Build configuration list for PBXNativeTarget "RDD-Mobile" */ = {
			isa = XCConfigurationList;
			buildConfigurations = (
				4924F36E29D997B0004631AB /* Debug */,
				4924F36F29D997B0004631AB /* Release */,
			);
			defaultConfigurationIsVisible = 0;
			defaultConfigurationName = Release;
		};
/* End XCConfigurationList section */
	};
	rootObject = 4924F35129D997B0004631AB /* Project object */;
}
